
Microsoft Visual Studio Solution File, Format Version 12.00
# Visual Studio Version 17
VisualStudioVersion = 17.4.33213.308
MinimumVisualStudioVersion = 10.0.40219.1
Project("{8BC9CEB8-8B4A-11D0-8D11-00A0C91BC942}") = "Logger", "Logger\Logger.vcxproj", "{5020B0F7-CC6A-44AD-BFC0-C59D725CDEA8}"
EndProject
Global
	GlobalSection(SolutionConfigurationPlatforms) = preSolution
		Debug|x64 = Debug|x64
		Debug|x86 = Debug|x86
		Release|x64 = Release|x64
		Release|x86 = Release|x86
	EndGlobalSection
	GlobalSection(ProjectConfigurationPlatforms) = postSolution
		{5020B0F7-CC6A-44AD-BFC0-C59D725CDEA8}.Debug|x64.ActiveCfg = Debug|x64
		{5020B0F7-CC6A-44AD-BFC0-C59D725CDEA8}.Debug|x64.Build.0 = Debug|x64
		{5020B0F7-CC6A-44AD-BFC0-C59D725CDEA8}.Debug|x86.ActiveCfg = Debug|Win32
		{5020B0F7-CC6A-44AD-BFC0-C59D725CDEA8}.Debug|x86.Build.0 = Debug|Win32
		{5020B0F7-CC6A-44AD-BFC0-C59D725CDEA8}.Release|x64.ActiveCfg = Release|x64
		{5020B0F7-CC6A-44AD-BFC0-C59D725CDEA8}.Release|x64.Build.0 = Release|x64
		{5020B0F7-CC6A-44AD-BFC0-C59D725CDEA8}.Release|x86.ActiveCfg = Release|Win32
		{5020B0F7-CC6A-44AD-BFC0-C59D725CDEA8}.Release|x86.Build.0 = Release|Win32
	EndGlobalSection
	GlobalSection(SolutionProperties) = preSolution
		HideSolutionNode = FALSE
	EndGlobalSection
	GlobalSection(ExtensibilityGlobals) = postSolution
		SolutionGuid = {9FC31C96-56E9-4490-8628-D483C31F65F9}
	EndGlobalSection
EndGlobal
